
Microsoft Visual Studio Solution File, Format Version 12.00
# Visual Studio Version 17
VisualStudioVersion = 17.14.37614.0 d17.14
MinimumVisualStudioVersion = 10.0.40219.1
Project("{FAE04EC0-301F-11D3-BF4B-00C04F79EFBC}") = "HelloWorldAPI", "HelloWorldAPI\HelloWorldAPI.csproj", "{168AFC69-0B1C-4754-91E2-9F55D06AA668}"
EndProject
Global
	GlobalSection(SolutionConfigurationPlatforms) = preSolution
		Debug|Any CPU = Debug|Any CPU
		Release|Any CPU = Release|Any CPU
	EndGlobalSection
	GlobalSection(ProjectConfigurationPlatforms) = postSolution
		{168AFC69-0B1C-4754-91E2-9F55D06AA668}.Debug|Any CPU.ActiveCfg = Debug|Any CPU
		{168AFC69-0B1C-4754-91E2-9F55D06AA668}.Debug|Any CPU.Build.0 = Debug|Any CPU
		{168AFC69-0B1C-4754-91E2-9F55D06AA668}.Release|Any CPU.ActiveCfg = Release|Any CPU
		{168AFC69-0B1C-4754-91E2-9F55D06AA668}.Release|Any CPU.Build.0 = Release|Any CPU
	EndGlobalSection
	GlobalSection(SolutionProperties) = preSolution
		HideSolutionNode = FALSE
	EndGlobalSection
	GlobalSection(ExtensibilityGlobals) = postSolution
		SolutionGuid = {4B6030B3-0709-4F2E-9F19-7F98F1D85F4B}
	EndGlobalSection
EndGlobal
