
Microsoft Visual Studio Solution File, Format Version 12.00
# Visual Studio Version 17
VisualStudioVersion = 17.14.37614.0 d17.14
MinimumVisualStudioVersion = 10.0.40219.1
Project("{FAE04EC0-301F-11D3-BF4B-00C04F79EFBC}") = "Call_your_existing_Patient_API", "Call your existing Patient API\Call_your_existing_Patient_API.csproj", "{93EC0002-4F10-49B8-9BE2-28542096F274}"
EndProject
Global
	GlobalSection(SolutionConfigurationPlatforms) = preSolution
		Debug|Any CPU = Debug|Any CPU
		Release|Any CPU = Release|Any CPU
	EndGlobalSection
	GlobalSection(ProjectConfigurationPlatforms) = postSolution
		{93EC0002-4F10-49B8-9BE2-28542096F274}.Debug|Any CPU.ActiveCfg = Debug|Any CPU
		{93EC0002-4F10-49B8-9BE2-28542096F274}.Debug|Any CPU.Build.0 = Debug|Any CPU
		{93EC0002-4F10-49B8-9BE2-28542096F274}.Release|Any CPU.ActiveCfg = Release|Any CPU
		{93EC0002-4F10-49B8-9BE2-28542096F274}.Release|Any CPU.Build.0 = Release|Any CPU
	EndGlobalSection
	GlobalSection(SolutionProperties) = preSolution
		HideSolutionNode = FALSE
	EndGlobalSection
	GlobalSection(ExtensibilityGlobals) = postSolution
		SolutionGuid = {97D1EEE5-F498-49C3-9B02-AC26A8C23353}
	EndGlobalSection
EndGlobal
